// !$*UTF8*$!
{
	archiveVersion = 1;
	classes = {
	};
	objectVersion = 46;
	objects = {

/* Begin PBXBuildFile section */
		AA00F5801D61F3D600FBB328 /* main.m in Sources */ = {isa = PBXBuildFile; fileRef = AA00F57F1D61F3D600FBB328 /* main.m */; };
		AA00F5831D61F3D600FBB328 /* AppDelegate.m in Sources */ = {isa = PBXBuildFile; fileRef = AA00F5821D61F3D600FBB328 /* AppDelegate.m */; };
		AA00F5861D61F3D600FBB328 /* ViewController.m in Sources */ = {isa = PBXBuildFile; fileRef = AA00F5851D61F3D600FBB328 /* ViewController.m */; };
		AA00F5891D61F3D600FBB328 /* Main.storyboard in Resources */ = {isa = PBXBuildFile; fileRef = AA00F5871D61F3D600FBB328 /* Main.storyboard */; };
		AA00F58B1D61F3D600FBB328 /* Assets.xcassets in Resources */ = {isa = PBXBuildFile; fileRef = AA00F58A1D61F3D600FBB328 /* Assets.xcassets */; };
		AA00F58E1D61F3D600FBB328 /* LaunchScreen.storyboard in Resources */ = {isa = PBXBuildFile; fileRef = AA00F58C1D61F3D600FBB328 /* LaunchScreen.storyboard */; };
		AA00F5CB1D620B1C00FBB328 /* CSAnalyzedResult.m in Sources */ = {isa = PBXBuildFile; fileRef = AA00F5B71D620B1C00FBB328 /* CSAnalyzedResult.m */; };
		AA00F5CC1D620B1C00FBB328 /* CSBaseRequest.m in Sources */ = {isa = PBXBuildFile; fileRef = AA00F5B91D620B1C00FBB328 /* CSBaseRequest.m */; };
		AA00F5CD1D620B1C00FBB328 /* CSCommonResult.m in Sources */ = {isa = PBXBuildFile; fileRef = AA00F5BB1D620B1C00FBB328 /* CSCommonResult.m */; };
		AA00F5CE1D620B1C00FBB328 /* CSNetworking.m in Sources */ = {isa = PBXBuildFile; fileRef = AA00F5BD1D620B1C00FBB328 /* CSNetworking.m */; };
		AA00F5CF1D620B1C00FBB328 /* CSNetworkMonitoring.m in Sources */ = {isa = PBXBuildFile; fileRef = AA00F5BF1D620B1C00FBB328 /* CSNetworkMonitoring.m */; };
		AA00F5D01D620B1C00FBB328 /* CSResponseTool.m in Sources */ = {isa = PBXBuildFile; fileRef = AA00F5C11D620B1C00FBB328 /* CSResponseTool.m */; };
		AA00F5D11D620B1C00FBB328 /* CSTip.m in Sources */ = {isa = PBXBuildFile; fileRef = AA00F5C31D620B1C00FBB328 /* CSTip.m */; };
		AA00F5D21D620B1C00FBB328 /* MBProgressHUD.m in Sources */ = {isa = PBXBuildFile; fileRef = AA00F5C61D620B1C00FBB328 /* MBProgressHUD.m */; };
		AA00F5D31D620B1C00FBB328 /* NSString+Encrypt.m in Sources */ = {isa = PBXBuildFile; fileRef = AA00F5C81D620B1C00FBB328 /* NSString+Encrypt.m */; };
		AA00F5D41D620B1C00FBB328 /* Reachability.m in Sources */ = {isa = PBXBuildFile; fileRef = AA00F5CA1D620B1C00FBB328 /* Reachability.m */; };
		F05CC647783A67E5243F1734 /* libPods-CSNetworkingExample.a in Frameworks */ = {isa = PBXBuildFile; fileRef = A06D8440759705E0DFE3BCE0 /* libPods-CSNetworkingExample.a */; };
/* End PBXBuildFile section */

/* Begin PBXFileReference section */
		A06D8440759705E0DFE3BCE0 /* libPods-CSNetworkingExample.a */ = {isa = PBXFileReference; explicitFileType = archive.ar; includeInIndex = 0; path = "libPods-CSNetworkingExample.a"; sourceTree = BUILT_PRODUCTS_DIR; };
		A75BBCBDF139D2FFC059F511 /* Pods-CSNetworkingExample.release.xcconfig */ = {isa = PBXFileReference; includeInIndex = 1; lastKnownFileType = text.xcconfig; name = "Pods-CSNetworkingExample.release.xcconfig"; path = "Target Support Files/Pods-CSNetworkingExample/Pods-CSNetworkingExample.release.xcconfig"; sourceTree = "<group>"; };
		AA00F57B1D61F3D600FBB328 /* CSNetworkingExample.app */ = {isa = PBXFileReference; explicitFileType = wrapper.application; includeInIndex = 0; path = CSNetworkingExample.app; sourceTree = BUILT_PRODUCTS_DIR; };
		AA00F57F1D61F3D600FBB328 /* main.m */ = {isa = PBXFileReference; lastKnownFileType = sourcecode.c.objc; path = main.m; sourceTree = "<group>"; };
		AA00F5811D61F3D600FBB328 /* AppDelegate.h */ = {isa = PBXFileReference; lastKnownFileType = sourcecode.c.h; path = AppDelegate.h; sourceTree = "<group>"; };
		AA00F5821D61F3D600FBB328 /* AppDelegate.m */ = {isa = PBXFileReference; lastKnownFileType = sourcecode.c.objc; path = AppDelegate.m; sourceTree = "<group>"; };
		AA00F5841D61F3D600FBB328 /* ViewController.h */ = {isa = PBXFileReference; lastKnownFileType = sourcecode.c.h; path = ViewController.h; sourceTree = "<group>"; };
		AA00F5851D61F3D600FBB328 /* ViewController.m */ = {isa = PBXFileReference; lastKnownFileType = sourcecode.c.objc; path = ViewController.m; sourceTree = "<group>"; };
		AA00F5881D61F3D600FBB328 /* Base */ = {isa = PBXFileReference; lastKnownFileType = file.storyboard; name = Base; path = Base.lproj/Main.storyboard; sourceTree = "<group>"; };
		AA00F58A1D61F3D600FBB328 /* Assets.xcassets */ = {isa = PBXFileReference; lastKnownFileType = folder.assetcatalog; path = Assets.xcassets; sourceTree = "<group>"; };
		AA00F58D1D61F3D600FBB328 /* Base */ = {isa = PBXFileReference; lastKnownFileType = file.storyboard; name = Base; path = Base.lproj/LaunchScreen.storyboard; sourceTree = "<group>"; };
		AA00F58F1D61F3D600FBB328 /* Info.plist */ = {isa = PBXFileReference; lastKnownFileType = text.plist.xml; path = Info.plist; sourceTree = "<group>"; };
		AA00F5B61D620B1C00FBB328 /* CSAnalyzedResult.h */ = {isa = PBXFileReference; fileEncoding = 4; lastKnownFileType = sourcecode.c.h; path = CSAnalyzedResult.h; sourceTree = "<group>"; };
		AA00F5B71D620B1C00FBB328 /* CSAnalyzedResult.m */ = {isa = PBXFileReference; fileEncoding = 4; lastKnownFileType = sourcecode.c.objc; path = CSAnalyzedResult.m; sourceTree = "<group>"; };
		AA00F5B81D620B1C00FBB328 /* CSBaseRequest.h */ = {isa = PBXFileReference; fileEncoding = 4; lastKnownFileType = sourcecode.c.h; path = CSBaseRequest.h; sourceTree = "<group>"; };
		AA00F5B91D620B1C00FBB328 /* CSBaseRequest.m */ = {isa = PBXFileReference; fileEncoding = 4; lastKnownFileType = sourcecode.c.objc; path = CSBaseRequest.m; sourceTree = "<group>"; };
		AA00F5BA1D620B1C00FBB328 /* CSCommonResult.h */ = {isa = PBXFileReference; fileEncoding = 4; lastKnownFileType = sourcecode.c.h; path = CSCommonResult.h; sourceTree = "<group>"; };
		AA00F5BB1D620B1C00FBB328 /* CSCommonResult.m */ = {isa = PBXFileReference; fileEncoding = 4; lastKnownFileType = sourcecode.c.objc; path = CSCommonResult.m; sourceTree = "<group>"; };
		AA00F5BC1D620B1C00FBB328 /* CSNetworking.h */ = {isa = PBXFileReference; fileEncoding = 4; lastKnownFileType = sourcecode.c.h; path = CSNetworking.h; sourceTree = "<group>"; };
		AA00F5BD1D620B1C00FBB328 /* CSNetworking.m */ = {isa = PBXFileReference; fileEncoding = 4; lastKnownFileType = sourcecode.c.objc; path = CSNetworking.m; sourceTree = "<group>"; };
		AA00F5BE1D620B1C00FBB328 /* CSNetworkMonitoring.h */ = {isa = PBXFileReference; fileEncoding = 4; lastKnownFileType = sourcecode.c.h; path = CSNetworkMonitoring.h; sourceTree = "<group>"; };
		AA00F5BF1D620B1C00FBB328 /* CSNetworkMonitoring.m */ = {isa = PBXFileReference; fileEncoding = 4; lastKnownFileType = sourcecode.c.objc; path = CSNetworkMonitoring.m; sourceTree = "<group>"; };
		AA00F5C01D620B1C00FBB328 /* CSResponseTool.h */ = {isa = PBXFileReference; fileEncoding = 4; lastKnownFileType = sourcecode.c.h; path = CSResponseTool.h; sourceTree = "<group>"; };
		AA00F5C11D620B1C00FBB328 /* CSResponseTool.m */ = {isa = PBXFileReference; fileEncoding = 4; lastKnownFileType = sourcecode.c.objc; path = CSResponseTool.m; sourceTree = "<group>"; };
		AA00F5C21D620B1C00FBB328 /* CSTip.h */ = {isa = PBXFileReference; fileEncoding = 4; lastKnownFileType = sourcecode.c.h; path = CSTip.h; sourceTree = "<group>"; };
		AA00F5C31D620B1C00FBB328 /* CSTip.m */ = {isa = PBXFileReference; fileEncoding = 4; lastKnownFileType = sourcecode.c.objc; path = CSTip.m; sourceTree = "<group>"; };
		AA00F5C41D620B1C00FBB328 /* LSSingleton.h */ = {isa = PBXFileReference; fileEncoding = 4; lastKnownFileType = sourcecode.c.h; path = LSSingleton.h; sourceTree = "<group>"; };
		AA00F5C51D620B1C00FBB328 /* MBProgressHUD.h */ = {isa = PBXFileReference; fileEncoding = 4; lastKnownFileType = sourcecode.c.h; path = MBProgressHUD.h; sourceTree = "<group>"; };
		AA00F5C61D620B1C00FBB328 /* MBProgressHUD.m */ = {isa = PBXFileReference; fileEncoding = 4; lastKnownFileType = sourcecode.c.objc; path = MBProgressHUD.m; sourceTree = "<group>"; };
		AA00F5C71D620B1C00FBB328 /* NSString+Encrypt.h */ = {isa = PBXFileReference; fileEncoding = 4; lastKnownFileType = sourcecode.c.h; path = "NSString+Encrypt.h"; sourceTree = "<group>"; };
		AA00F5C81D620B1C00FBB328 /* NSString+Encrypt.m */ = {isa = PBXFileReference; fileEncoding = 4; lastKnownFileType = sourcecode.c.objc; path = "NSString+Encrypt.m"; sourceTree = "<group>"; };
		AA00F5C91D620B1C00FBB328 /* Reachability.h */ = {isa = PBXFileReference; fileEncoding = 4; lastKnownFileType = sourcecode.c.h; path = Reachability.h; sourceTree = "<group>"; };
		AA00F5CA1D620B1C00FBB328 /* Reachability.m */ = {isa = PBXFileReference; fileEncoding = 4; lastKnownFileType = sourcecode.c.objc; path = Reachability.m; sourceTree = "<group>"; };
		CB6D942B7D4F81434B2103F5 /* Pods-CSNetworkingExample.debug.xcconfig */ = {isa = PBXFileReference; includeInIndex = 1; lastKnownFileType = text.xcconfig; name = "Pods-CSNetworkingExample.debug.xcconfig"; path = "Target Support Files/Pods-CSNetworkingExample/Pods-CSNetworkingExample.debug.xcconfig"; sourceTree = "<group>"; };
/* End PBXFileReference section */

/* Begin PBXFrameworksBuildPhase section */
		AA00F5781D61F3D600FBB328 /* Frameworks */ = {
			isa = PBXFrameworksBuildPhase;
			buildActionMask = 2147483647;
			files = (
				F05CC647783A67E5243F1734 /* libPods-CSNetworkingExample.a in Frameworks */,
			);
			runOnlyForDeploymentPostprocessing = 0;
		};
/* End PBXFrameworksBuildPhase section */

/* Begin PBXGroup section */
		A90EF3E59D3D396ED9560525 /* Frameworks */ = {
			isa = PBXGroup;
			children = (
				A06D8440759705E0DFE3BCE0 /* libPods-CSNetworkingExample.a */,
			);
			name = Frameworks;
			sourceTree = "<group>";
		};
		AA00F5721D61F3D600FBB328 = {
			isa = PBXGroup;
			children = (
				AA00F57D1D61F3D600FBB328 /* CSNetworkingExample */,
				AA00F57C1D61F3D600FBB328 /* Products */,
				C95E5D8AB6B287B88A79F9F3 /* Pods */,
				A90EF3E59D3D396ED9560525 /* Frameworks */,
			);
			sourceTree = "<group>";
		};
		AA00F57C1D61F3D600FBB328 /* Products */ = {
			isa = PBXGroup;
			children = (
				AA00F57B1D61F3D600FBB328 /* CSNetworkingExample.app */,
			);
			name = Products;
			sourceTree = "<group>";
		};
		AA00F57D1D61F3D600FBB328 /* CSNetworkingExample */ = {
			isa = PBXGroup;
			children = (
				AA00F5B51D620B1C00FBB328 /* CSNetworking */,
				AA00F5811D61F3D600FBB328 /* AppDelegate.h */,
				AA00F5821D61F3D600FBB328 /* AppDelegate.m */,
				AA00F5841D61F3D600FBB328 /* ViewController.h */,
				AA00F5851D61F3D600FBB328 /* ViewController.m */,
				AA00F5871D61F3D600FBB328 /* Main.storyboard */,
				AA00F58A1D61F3D600FBB328 /* Assets.xcassets */,
				AA00F58C1D61F3D600FBB328 /* LaunchScreen.storyboard */,
				AA00F58F1D61F3D600FBB328 /* Info.plist */,
				AA00F57E1D61F3D600FBB328 /* Supporting Files */,
			);
			path = CSNetworkingExample;
			sourceTree = "<group>";
		};
		AA00F57E1D61F3D600FBB328 /* Supporting Files */ = {
			isa = PBXGroup;
			children = (
				AA00F57F1D61F3D600FBB328 /* main.m */,
			);
			name = "Supporting Files";
			sourceTree = "<group>";
		};
		AA00F5B51D620B1C00FBB328 /* CSNetworking */ = {
			isa = PBXGroup;
			children = (
				AA00F5B61D620B1C00FBB328 /* CSAnalyzedResult.h */,
				AA00F5B71D620B1C00FBB328 /* CSAnalyzedResult.m */,
				AA00F5B81D620B1C00FBB328 /* CSBaseRequest.h */,
				AA00F5B91D620B1C00FBB328 /* CSBaseRequest.m */,
				AA00F5BA1D620B1C00FBB328 /* CSCommonResult.h */,
				AA00F5BB1D620B1C00FBB328 /* CSCommonResult.m */,
				AA00F5BC1D620B1C00FBB328 /* CSNetworking.h */,
				AA00F5BD1D620B1C00FBB328 /* CSNetworking.m */,
				AA00F5BE1D620B1C00FBB328 /* CSNetworkMonitoring.h */,
				AA00F5BF1D620B1C00FBB328 /* CSNetworkMonitoring.m */,
				AA00F5C01D620B1C00FBB328 /* CSResponseTool.h */,
				AA00F5C11D620B1C00FBB328 /* CSResponseTool.m */,
				AA00F5C21D620B1C00FBB328 /* CSTip.h */,
				AA00F5C31D620B1C00FBB328 /* CSTip.m */,
				AA00F5C41D620B1C00FBB328 /* LSSingleton.h */,
				AA00F5C51D620B1C00FBB328 /* MBProgressHUD.h */,
				AA00F5C61D620B1C00FBB328 /* MBProgressHUD.m */,
				AA00F5C71D620B1C00FBB328 /* NSString+Encrypt.h */,
				AA00F5C81D620B1C00FBB328 /* NSString+Encrypt.m */,
				AA00F5C91D620B1C00FBB328 /* Reachability.h */,
				AA00F5CA1D620B1C00FBB328 /* Reachability.m */,
			);
			path = CSNetworking;
			sourceTree = SOURCE_ROOT;
		};
		C95E5D8AB6B287B88A79F9F3 /* Pods */ = {
			isa = PBXGroup;
			children = (
				CB6D942B7D4F81434B2103F5 /* Pods-CSNetworkingExample.debug.xcconfig */,
				A75BBCBDF139D2FFC059F511 /* Pods-CSNetworkingExample.release.xcconfig */,
			);
			name = Pods;
			path = Pods;
			sourceTree = "<group>";
		};
/* End PBXGroup section */

/* Begin PBXNativeTarget section */
		AA00F57A1D61F3D600FBB328 /* CSNetworkingExample */ = {
			isa = PBXNativeTarget;
			buildConfigurationList = AA00F5921D61F3D600FBB328 /* Build configuration list for PBXNativeTarget "CSNetworkingExample" */;
			buildPhases = (
				196EB3E167E49A7D6EF24EB3 /* [CP] Check Pods Manifest.lock */,
				AA00F5771D61F3D600FBB328 /* Sources */,
				AA00F5781D61F3D600FBB328 /* Frameworks */,
				AA00F5791D61F3D600FBB328 /* Resources */,
			);
			buildRules = (
			);
			dependencies = (
			);
			name = CSNetworkingExample;
			productName = CSNetworkingExample;
			productReference = AA00F57B1D61F3D600FBB328 /* CSNetworkingExample.app */;
			productType = "com.apple.product-type.application";
		};
/* End PBXNativeTarget section */

/* Begin PBXProject section */
		AA00F5731D61F3D600FBB328 /* Project object */ = {
			isa = PBXProject;
			attributes = {
				LastUpgradeCheck = 0730;
				ORGANIZATIONNAME = CoderXSLee;
				TargetAttributes = {
					AA00F57A1D61F3D600FBB328 = {
						CreatedOnToolsVersion = 7.3.1;
					};
				};
			};
			buildConfigurationList = AA00F5761D61F3D600FBB328 /* Build configuration list for PBXProject "CSNetworkingExample" */;
			compatibilityVersion = "Xcode 3.2";
			developmentRegion = English;
			hasScannedForEncodings = 0;
			knownRegions = (
				English,
				en,
				Base,
			);
			mainGroup = AA00F5721D61F3D600FBB328;
			productRefGroup = AA00F57C1D61F3D600FBB328 /* Products */;
			projectDirPath = "";
			projectRoot = "";
			targets = (
				AA00F57A1D61F3D600FBB328 /* CSNetworkingExample */,
			);
		};
/* End PBXProject section */

/* Begin PBXResourcesBuildPhase section */
		AA00F5791D61F3D600FBB328 /* Resources */ = {
			isa = PBXResourcesBuildPhase;
			buildActionMask = 2147483647;
			files = (
				AA00F58E1D61F3D600FBB328 /* LaunchScreen.storyboard in Resources */,
				AA00F58B1D61F3D600FBB328 /* Assets.xcassets in Resources */,
				AA00F5891D61F3D600FBB328 /* Main.storyboard in Resources */,
			);
			runOnlyForDeploymentPostprocessing = 0;
		};
/* End PBXResourcesBuildPhase section */

/* Begin PBXShellScriptBuildPhase section */
		196EB3E167E49A7D6EF24EB3 /* [CP] Check Pods Manifest.lock */ = {
			isa = PBXShellScriptBuildPhase;
			buildActionMask = 2147483647;
			files = (
			);
			inputFileListPaths = (
			);
			inputPaths = (
				"${PODS_PODFILE_DIR_PATH}/Podfile.lock",
				"${PODS_ROOT}/Manifest.lock",
			);
			name = "[CP] Check Pods Manifest.lock";
			outputFileListPaths = (
			);
			outputPaths = (
				"$(DERIVED_FILE_DIR)/Pods-CSNetworkingExample-checkManifestLockResult.txt",
			);
			runOnlyForDeploymentPostprocessing = 0;
			shellPath = /bin/sh;
			shellScript = "diff \"${PODS_PODFILE_DIR_PATH}/Podfile.lock\" \"${PODS_ROOT}/Manifest.lock\" > /dev/null\nif [ $? != 0 ] ; then\n    # print error to STDERR\n    echo \"error: The sandbox is not in sync with the Podfile.lock. Run 'pod install' or update your CocoaPods installation.\" >&2\n    exit 1\nfi\n# This output is used by Xcode 'outputs' to avoid re-running this script phase.\necho \"SUCCESS\" > \"${SCRIPT_OUTPUT_FILE_0}\"\n";
			showEnvVarsInLog = 0;
		};
/* End PBXShellScriptBuildPhase section */

/* Begin PBXSourcesBuildPhase section */
		AA00F5771D61F3D600FBB328 /* Sources */ = {
			isa = PBXSourcesBuildPhase;
			buildActionMask = 2147483647;
			files = (
				AA00F5D41D620B1C00FBB328 /* Reachability.m in Sources */,
				AA00F5861D61F3D600FBB328 /* ViewController.m in Sources */,
				AA00F5CC1D620B1C00FBB328 /* CSBaseRequest.m in Sources */,
				AA00F5831D61F3D600FBB328 /* AppDelegate.m in Sources */,
				AA00F5D11D620B1C00FBB328 /* CSTip.m in Sources */,
				AA00F5D21D620B1C00FBB328 /* MBProgressHUD.m in Sources */,
				AA00F5CB1D620B1C00FBB328 /* CSAnalyzedResult.m in Sources */,
				AA00F5D01D620B1C00FBB328 /* CSResponseTool.m in Sources */,
				AA00F5CE1D620B1C00FBB328 /* CSNetworking.m in Sources */,
				AA00F5801D61F3D600FBB328 /* main.m in Sources */,
				AA00F5D31D620B1C00FBB328 /* NSString+Encrypt.m in Sources */,
				AA00F5CF1D620B1C00FBB328 /* CSNetworkMonitoring.m in Sources */,
				AA00F5CD1D620B1C00FBB328 /* CSCommonResult.m in Sources */,
			);
			runOnlyForDeploymentPostprocessing = 0;
		};
/* End PBXSourcesBuildPhase section */

/* Begin PBXVariantGroup section */
		AA00F5871D61F3D600FBB328 /* Main.storyboard */ = {
			isa = PBXVariantGroup;
			children = (
				AA00F5881D61F3D600FBB328 /* Base */,
			);
			name = Main.storyboard;
			sourceTree = "<group>";
		};
		AA00F58C1D61F3D600FBB328 /* LaunchScreen.storyboard */ = {
			isa = PBXVariantGroup;
			children = (
				AA00F58D1D61F3D600FBB328 /* Base */,
			);
			name = LaunchScreen.storyboard;
			sourceTree = "<group>";
		};
/* End PBXVariantGroup section */

/* Begin XCBuildConfiguration section */
		AA00F5901D61F3D600FBB328 /* Debug */ = {
			isa = XCBuildConfiguration;
			buildSettings = {
				ALWAYS_SEARCH_USER_PATHS = NO;
				CLANG_ANALYZER_NONNULL = YES;
				CLANG_CXX_LANGUAGE_STANDARD = "gnu++0x";
				CLANG_CXX_LIBRARY = "libc++";
				CLANG_ENABLE_MODULES = YES;
				CLANG_ENABLE_OBJC_ARC = YES;
				CLANG_WARN_BOOL_CONVERSION = YES;
				CLANG_WARN_CONSTANT_CONVERSION = YES;
				CLANG_WARN_DIRECT_OBJC_ISA_USAGE = YES_ERROR;
				CLANG_WARN_EMPTY_BODY = YES;
				CLANG_WARN_ENUM_CONVERSION = YES;
				CLANG_WARN_INT_CONVERSION = YES;
				CLANG_WARN_OBJC_ROOT_CLASS = YES_ERROR;
				CLANG_WARN_UNREACHABLE_CODE = YES;
				CLANG_WARN__DUPLICATE_METHOD_MATCH = YES;
				"CODE_SIGN_IDENTITY[sdk=iphoneos*]" = "iPhone Developer";
				COPY_PHASE_STRIP = NO;
				DEBUG_INFORMATION_FORMAT = dwarf;
				ENABLE_STRICT_OBJC_MSGSEND = YES;
				ENABLE_TESTABILITY = YES;
				GCC_C_LANGUAGE_STANDARD = gnu99;
				GCC_DYNAMIC_NO_PIC = NO;
				GCC_NO_COMMON_BLOCKS = YES;
				GCC_OPTIMIZATION_LEVEL = 0;
				GCC_PREPROCESSOR_DEFINITIONS = (
					"DEBUG=1",
					"$(inherited)",
				);
				GCC_WARN_64_TO_32_BIT_CONVERSION = YES;
				GCC_WARN_ABOUT_RETURN_TYPE = YES_ERROR;
				GCC_WARN_UNDECLARED_SELECTOR = YES;
				GCC_WARN_UNINITIALIZED_AUTOS = YES_AGGRESSIVE;
				GCC_WARN_UNUSED_FUNCTION = YES;
				GCC_WARN_UNUSED_VARIABLE = YES;
				IPHONEOS_DEPLOYMENT_TARGET = 9.0;
				MTL_ENABLE_DEBUG_INFO = YES;
				ONLY_ACTIVE_ARCH = YES;
				SDKROOT = iphoneos;
			};
			name = Debug;
		};
		AA00F5911D61F3D600FBB328 /* Release */ = {
			isa = XCBuildConfiguration;
			buildSettings = {
				ALWAYS_SEARCH_USER_PATHS = NO;
				CLANG_ANALYZER_NONNULL = YES;
				CLANG_CXX_LANGUAGE_STANDARD = "gnu++0x";
				CLANG_CXX_LIBRARY = "libc++";
				CLANG_ENABLE_MODULES = YES;
				CLANG_ENABLE_OBJC_ARC = YES;
				CLANG_WARN_BOOL_CONVERSION = YES;
				CLANG_WARN_CONSTANT_CONVERSION = YES;
				CLANG_WARN_DIRECT_OBJC_ISA_USAGE = YES_ERROR;
				CLANG_WARN_EMPTY_BODY = YES;
				CLANG_WARN_ENUM_CONVERSION = YES;
				CLANG_WARN_INT_CONVERSION = YES;
				CLANG_WARN_OBJC_ROOT_CLASS = YES_ERROR;
				CLANG_WARN_UNREACHABLE_CODE = YES;
				CLANG_WARN__DUPLICATE_METHOD_MATCH = YES;
				"CODE_SIGN_IDENTITY[sdk=iphoneos*]" = "iPhone Developer";
				COPY_PHASE_STRIP = NO;
				DEBUG_INFORMATION_FORMAT = "dwarf-with-dsym";
				ENABLE_NS_ASSERTIONS = NO;
				ENABLE_STRICT_OBJC_MSGSEND = YES;
				GCC_C_LANGUAGE_STANDARD = gnu99;
				GCC_NO_COMMON_BLOCKS = YES;
				GCC_WARN_64_TO_32_BIT_CONVERSION = YES;
				GCC_WARN_ABOUT_RETURN_TYPE = YES_ERROR;
				GCC_WARN_UNDECLARED_SELECTOR = YES;
				GCC_WARN_UNINITIALIZED_AUTOS = YES_AGGRESSIVE;
				GCC_WARN_UNUSED_FUNCTION = YES;
				GCC_WARN_UNUSED_VARIABLE = YES;
				IPHONEOS_DEPLOYMENT_TARGET = 9.0;
				MTL_ENABLE_DEBUG_INFO = NO;
				SDKROOT = iphoneos;
				VALIDATE_PRODUCT = YES;
			};
			name = Release;
		};
		AA00F5931D61F3D600FBB328 /* Debug */ = {
			isa = XCBuildConfiguration;
			baseConfigurationReference = CB6D942B7D4F81434B2103F5 /* Pods-CSNetworkingExample.debug.xcconfig */;
			buildSettings = {
				ASSETCATALOG_COMPILER_APPICON_NAME = AppIcon;
				INFOPLIST_FILE = CSNetworkingExample/Info.plist;
				LD_RUNPATH_SEARCH_PATHS = "$(inherited) @executable_path/Frameworks";
				PRODUCT_BUNDLE_IDENTIFIER = sdd.CSNetworkingExample;
				PRODUCT_NAME = "$(TARGET_NAME)";
			};
			name = Debug;
		};
		AA00F5941D61F3D600FBB328 /* Release */ = {
			isa = XCBuildConfiguration;
			baseConfigurationReference = A75BBCBDF139D2FFC059F511 /* Pods-CSNetworkingExample.release.xcconfig */;
			buildSettings = {
				ASSETCATALOG_COMPILER_APPICON_NAME = AppIcon;
				INFOPLIST_FILE = CSNetworkingExample/Info.plist;
				LD_RUNPATH_SEARCH_PATHS = "$(inherited) @executable_path/Frameworks";
				PRODUCT_BUNDLE_IDENTIFIER = sdd.CSNetworkingExample;
				PRODUCT_NAME = "$(TARGET_NAME)";
			};
			name = Release;
		};
/* End XCBuildConfiguration section */

/* Begin XCConfigurationList section */
		AA00F5761D61F3D600FBB328 /* Build configuration list for PBXProject "CSNetworkingExample" */ = {
			isa = XCConfigurationList;
			buildConfigurations = (
				AA00F5901D61F3D600FBB328 /* Debug */,
				AA00F5911D61F3D600FBB328 /* Release */,
			);
			defaultConfigurationIsVisible = 0;
			defaultConfigurationName = Release;
		};
		AA00F5921D61F3D600FBB328 /* Build configuration list for PBXNativeTarget "CSNetworkingExample" */ = {
			isa = XCConfigurationList;
			buildConfigurations = (
				AA00F5931D61F3D600FBB328 /* Debug */,
				AA00F5941D61F3D600FBB328 /* Release */,
			);
			defaultConfigurationIsVisible = 0;
			defaultConfigurationName = Release;
		};
/* End XCConfigurationList section */
	};
	rootObject = AA00F5731D61F3D600FBB328 /* Project object */;
}
